
Microsoft Visual Studio Solution File, Format Version 12.00
# Visual Studio Version 16
VisualStudioVersion = 16.0.29411.108
MinimumVisualStudioVersion = 10.0.40219.1
Project("{9A19103F-16F7-4668-BE54-9A1E7A4F7556}") = "Cargoonline.Tools.FlattenData", "Cargoonline.Tools.FlattenData\Cargoonline.Tools.FlattenData.csproj", "{E036A848-BC79-4D42-85A7-A1A09EFB1230}"
EndProject
Project("{FAE04EC0-301F-11D3-BF4B-00C04F79EFBC}") = "Cargoonline.Tools.FlattenData.Tests", "Cargoonline.Tools.FlattenData.Tests\Cargoonline.Tools.FlattenData.Tests.csproj", "{A429CA64-2E51-4F89-BFF9-5F4439FECEA8}"
EndProject
Global
	GlobalSection(SolutionConfigurationPlatforms) = preSolution
		Debug|Any CPU = Debug|Any CPU
		Debug|x64 = Debug|x64
		Release|Any CPU = Release|Any CPU
		Release|x64 = Release|x64
	EndGlobalSection
	GlobalSection(ProjectConfigurationPlatforms) = postSolution
		{E036A848-BC79-4D42-85A7-A1A09EFB1230}.Debug|Any CPU.ActiveCfg = Debug|Any CPU
		{E036A848-BC79-4D42-85A7-A1A09EFB1230}.Debug|Any CPU.Build.0 = Debug|Any CPU
		{E036A848-BC79-4D42-85A7-A1A09EFB1230}.Debug|x64.ActiveCfg = Debug|Any CPU
		{E036A848-BC79-4D42-85A7-A1A09EFB1230}.Debug|x64.Build.0 = Debug|Any CPU
		{E036A848-BC79-4D42-85A7-A1A09EFB1230}.Release|Any CPU.ActiveCfg = Release|Any CPU
		{E036A848-BC79-4D42-85A7-A1A09EFB1230}.Release|Any CPU.Build.0 = Release|Any CPU
		{E036A848-BC79-4D42-85A7-A1A09EFB1230}.Release|x64.ActiveCfg = Release|Any CPU
		{E036A848-BC79-4D42-85A7-A1A09EFB1230}.Release|x64.Build.0 = Release|Any CPU
		{A429CA64-2E51-4F89-BFF9-5F4439FECEA8}.Debug|Any CPU.ActiveCfg = Debug|Any CPU
		{A429CA64-2E51-4F89-BFF9-5F4439FECEA8}.Debug|Any CPU.Build.0 = Debug|Any CPU
		{A429CA64-2E51-4F89-BFF9-5F4439FECEA8}.Debug|x64.ActiveCfg = Debug|Any CPU
		{A429CA64-2E51-4F89-BFF9-5F4439FECEA8}.Debug|x64.Build.0 = Debug|Any CPU
		{A429CA64-2E51-4F89-BFF9-5F4439FECEA8}.Release|Any CPU.ActiveCfg = Release|Any CPU
		{A429CA64-2E51-4F89-BFF9-5F4439FECEA8}.Release|Any CPU.Build.0 = Release|Any CPU
		{A429CA64-2E51-4F89-BFF9-5F4439FECEA8}.Release|x64.ActiveCfg = Release|Any CPU
		{A429CA64-2E51-4F89-BFF9-5F4439FECEA8}.Release|x64.Build.0 = Release|Any CPU
	EndGlobalSection
	GlobalSection(SolutionProperties) = preSolution
		HideSolutionNode = FALSE
	EndGlobalSection
	GlobalSection(ExtensibilityGlobals) = postSolution
		SolutionGuid = {B316731F-3101-49FB-AAAD-75558A3D0D59}
	EndGlobalSection
EndGlobal
